// !$*UTF8*$!
{
	archiveVersion = 1;
	classes = {
	};
	objectVersion = 56;
	objects = {

/* Begin PBXBuildFile section */
		396FC208CCE6C869A743258E /* Pods_FindVaccineCenter.framework in Frameworks */ = {isa = PBXBuildFile; fileRef = 5587017B5C49EA1AA9F302F1 /* Pods_FindVaccineCenter.framework */; };
		8D03CA682C0F5002004DEA36 /* RepresentedNaverMap.swift in Sources */ = {isa = PBXBuildFile; fileRef = 8D03CA672C0F5002004DEA36 /* RepresentedNaverMap.swift */; };
		8D12D5502C2059A800681BD4 /* Dictionary+.swift in Sources */ = {isa = PBXBuildFile; fileRef = 8D12D54F2C2059A800681BD4 /* Dictionary+.swift */; };
		8D3FF93F2C230F18005CC85E /* NetworkManager.swift in Sources */ = {isa = PBXBuildFile; fileRef = 8D3FF93E2C230F18005CC85E /* NetworkManager.swift */; };
		8D3FF9422C2316D9005CC85E /* VaccinationCenterRepository.swift in Sources */ = {isa = PBXBuildFile; fileRef = 8D3FF9412C2316D9005CC85E /* VaccinationCenterRepository.swift */; };
		8D3FF9452C231735005CC85E /* VaccinationCenterEntity.swift in Sources */ = {isa = PBXBuildFile; fileRef = 8D3FF9442C231735005CC85E /* VaccinationCenterEntity.swift */; };
		8D8F3F2E2C1F1A730059C3C0 /* VaccinationCenterResponseDTO.swift in Sources */ = {isa = PBXBuildFile; fileRef = 8D8F3F2D2C1F1A730059C3C0 /* VaccinationCenterResponseDTO.swift */; };
		8D8F3F322C1F1FA10059C3C0 /* TargetType.swift in Sources */ = {isa = PBXBuildFile; fileRef = 8D8F3F312C1F1FA10059C3C0 /* TargetType.swift */; };
		8D8F3F3B2C1F29110059C3C0 /* VaccinationAPI.swift in Sources */ = {isa = PBXBuildFile; fileRef = 8D8F3F3A2C1F29110059C3C0 /* VaccinationAPI.swift */; };
		8D8F3F3D2C1F2A070059C3C0 /* Constants.swift in Sources */ = {isa = PBXBuildFile; fileRef = 8D8F3F3C2C1F2A070059C3C0 /* Constants.swift */; };
		8D9614072C0CAC62003B4BA9 /* FindVaccineCenterApp.swift in Sources */ = {isa = PBXBuildFile; fileRef = 8D9614062C0CAC62003B4BA9 /* FindVaccineCenterApp.swift */; };
		8D9614092C0CAC62003B4BA9 /* RootView.swift in Sources */ = {isa = PBXBuildFile; fileRef = 8D9614082C0CAC62003B4BA9 /* RootView.swift */; };
		8D96140B2C0CAC62003B4BA9 /* Assets.xcassets in Resources */ = {isa = PBXBuildFile; fileRef = 8D96140A2C0CAC62003B4BA9 /* Assets.xcassets */; };
		8D96140E2C0CAC62003B4BA9 /* Preview Assets.xcassets in Resources */ = {isa = PBXBuildFile; fileRef = 8D96140D2C0CAC62003B4BA9 /* Preview Assets.xcassets */; };
		8D9614182C0CAC62003B4BA9 /* FindVaccineCenterTests.swift in Sources */ = {isa = PBXBuildFile; fileRef = 8D9614172C0CAC62003B4BA9 /* FindVaccineCenterTests.swift */; };
		8D9614222C0CAC62003B4BA9 /* FindVaccineCenterUITests.swift in Sources */ = {isa = PBXBuildFile; fileRef = 8D9614212C0CAC62003B4BA9 /* FindVaccineCenterUITests.swift */; };
		8D9614242C0CAC62003B4BA9 /* FindVaccineCenterUITestsLaunchTests.swift in Sources */ = {isa = PBXBuildFile; fileRef = 8D9614232C0CAC62003B4BA9 /* FindVaccineCenterUITestsLaunchTests.swift */; };
		8DFCCA2A2C283F44000937E2 /* Alamofire in Frameworks */ = {isa = PBXBuildFile; productRef = 8DFCCA292C283F44000937E2 /* Alamofire */; };
		8DFCCA2C2C28485F000937E2 /* String+.swift in Sources */ = {isa = PBXBuildFile; fileRef = 8DFCCA2B2C28485F000937E2 /* String+.swift */; };
		8DFEC8942C149BAB0021A098 /* VCError.swift in Sources */ = {isa = PBXBuildFile; fileRef = 8DFEC8932C149BAB0021A098 /* VCError.swift */; };
		8DFEC8962C14AFCB0021A098 /* CenterFlag.swift in Sources */ = {isa = PBXBuildFile; fileRef = 8DFEC8952C14AFCB0021A098 /* CenterFlag.swift */; };
		8DFEC8992C1560710021A098 /* ComposableArchitecture in Frameworks */ = {isa = PBXBuildFile; productRef = 8DFEC8982C1560710021A098 /* ComposableArchitecture */; };
		A600A1F8615F5DFE2ACE7CE0 /* Pods_FindVaccineCenterTests.framework in Frameworks */ = {isa = PBXBuildFile; fileRef = 2648309CF057604BAD0F6FA3 /* Pods_FindVaccineCenterTests.framework */; };
		E413D681AC2049581F4BA199 /* Pods_FindVaccineCenter_FindVaccineCenterUITests.framework in Frameworks */ = {isa = PBXBuildFile; fileRef = 82CA54A9F0D5D60693F68DEE /* Pods_FindVaccineCenter_FindVaccineCenterUITests.framework */; };
/* End PBXBuildFile section */

/* Begin PBXContainerItemProxy section */
		8D9614142C0CAC62003B4BA9 /* PBXContainerItemProxy */ = {
			isa = PBXContainerItemProxy;
			containerPortal = 8D9613FB2C0CAC62003B4BA9 /* Project object */;
			proxyType = 1;
			remoteGlobalIDString = 8D9614022C0CAC62003B4BA9;
			remoteInfo = FindVaccineCenter;
		};
		8D96141E2C0CAC62003B4BA9 /* PBXContainerItemProxy */ = {
			isa = PBXContainerItemProxy;
			containerPortal = 8D9613FB2C0CAC62003B4BA9 /* Project object */;
			proxyType = 1;
			remoteGlobalIDString = 8D9614022C0CAC62003B4BA9;
			remoteInfo = FindVaccineCenter;
		};
/* End PBXContainerItemProxy section */

/* Begin PBXFileReference section */
		01C4CB78A69F956989D91057 /* Pods-FindVaccineCenterTests.release.xcconfig */ = {isa = PBXFileReference; includeInIndex = 1; lastKnownFileType = text.xcconfig; name = "Pods-FindVaccineCenterTests.release.xcconfig"; path = "Target Support Files/Pods-FindVaccineCenterTests/Pods-FindVaccineCenterTests.release.xcconfig"; sourceTree = "<group>"; };
		2648309CF057604BAD0F6FA3 /* Pods_FindVaccineCenterTests.framework */ = {isa = PBXFileReference; explicitFileType = wrapper.framework; includeInIndex = 0; path = Pods_FindVaccineCenterTests.framework; sourceTree = BUILT_PRODUCTS_DIR; };
		3A40C6256B4560A33439C6AB /* Pods-FindVaccineCenter-FindVaccineCenterUITests.debug.xcconfig */ = {isa = PBXFileReference; includeInIndex = 1; lastKnownFileType = text.xcconfig; name = "Pods-FindVaccineCenter-FindVaccineCenterUITests.debug.xcconfig"; path = "Target Support Files/Pods-FindVaccineCenter-FindVaccineCenterUITests/Pods-FindVaccineCenter-FindVaccineCenterUITests.debug.xcconfig"; sourceTree = "<group>"; };
		5587017B5C49EA1AA9F302F1 /* Pods_FindVaccineCenter.framework */ = {isa = PBXFileReference; explicitFileType = wrapper.framework; includeInIndex = 0; path = Pods_FindVaccineCenter.framework; sourceTree = BUILT_PRODUCTS_DIR; };
		74077BFC57017BE5231E4A3A /* Pods-FindVaccineCenterTests.debug.xcconfig */ = {isa = PBXFileReference; includeInIndex = 1; lastKnownFileType = text.xcconfig; name = "Pods-FindVaccineCenterTests.debug.xcconfig"; path = "Target Support Files/Pods-FindVaccineCenterTests/Pods-FindVaccineCenterTests.debug.xcconfig"; sourceTree = "<group>"; };
		7FD4A9ABA1AAADEC3B066483 /* Pods-FindVaccineCenter.release.xcconfig */ = {isa = PBXFileReference; includeInIndex = 1; lastKnownFileType = text.xcconfig; name = "Pods-FindVaccineCenter.release.xcconfig"; path = "Target Support Files/Pods-FindVaccineCenter/Pods-FindVaccineCenter.release.xcconfig"; sourceTree = "<group>"; };
		82CA54A9F0D5D60693F68DEE /* Pods_FindVaccineCenter_FindVaccineCenterUITests.framework */ = {isa = PBXFileReference; explicitFileType = wrapper.framework; includeInIndex = 0; path = Pods_FindVaccineCenter_FindVaccineCenterUITests.framework; sourceTree = BUILT_PRODUCTS_DIR; };
		8D03CA672C0F5002004DEA36 /* RepresentedNaverMap.swift */ = {isa = PBXFileReference; lastKnownFileType = sourcecode.swift; path = RepresentedNaverMap.swift; sourceTree = "<group>"; };
		8D12D54F2C2059A800681BD4 /* Dictionary+.swift */ = {isa = PBXFileReference; lastKnownFileType = sourcecode.swift; path = "Dictionary+.swift"; sourceTree = "<group>"; };
		8D3FF93E2C230F18005CC85E /* NetworkManager.swift */ = {isa = PBXFileReference; lastKnownFileType = sourcecode.swift; path = NetworkManager.swift; sourceTree = "<group>"; };
		8D3FF9412C2316D9005CC85E /* VaccinationCenterRepository.swift */ = {isa = PBXFileReference; lastKnownFileType = sourcecode.swift; path = VaccinationCenterRepository.swift; sourceTree = "<group>"; };
		8D3FF9442C231735005CC85E /* VaccinationCenterEntity.swift */ = {isa = PBXFileReference; lastKnownFileType = sourcecode.swift; path = VaccinationCenterEntity.swift; sourceTree = "<group>"; };
		8D7ACBCB2C0DFD8000B6A0E2 /* Info.plist */ = {isa = PBXFileReference; lastKnownFileType = text.plist; path = Info.plist; sourceTree = "<group>"; };
		8D7ACBCC2C0DFDC300B6A0E2 /* Config.xcconfig */ = {isa = PBXFileReference; lastKnownFileType = text.xcconfig; path = Config.xcconfig; sourceTree = "<group>"; };
		8D8F3F2D2C1F1A730059C3C0 /* VaccinationCenterResponseDTO.swift */ = {isa = PBXFileReference; lastKnownFileType = sourcecode.swift; path = VaccinationCenterResponseDTO.swift; sourceTree = "<group>"; };
		8D8F3F312C1F1FA10059C3C0 /* TargetType.swift */ = {isa = PBXFileReference; lastKnownFileType = sourcecode.swift; path = TargetType.swift; sourceTree = "<group>"; };
		8D8F3F3A2C1F29110059C3C0 /* VaccinationAPI.swift */ = {isa = PBXFileReference; lastKnownFileType = sourcecode.swift; path = VaccinationAPI.swift; sourceTree = "<group>"; };
		8D8F3F3C2C1F2A070059C3C0 /* Constants.swift */ = {isa = PBXFileReference; lastKnownFileType = sourcecode.swift; path = Constants.swift; sourceTree = "<group>"; };
		8D9614032C0CAC62003B4BA9 /* FindVaccineCenter.app */ = {isa = PBXFileReference; explicitFileType = wrapper.application; includeInIndex = 0; path = FindVaccineCenter.app; sourceTree = BUILT_PRODUCTS_DIR; };
		8D9614062C0CAC62003B4BA9 /* FindVaccineCenterApp.swift */ = {isa = PBXFileReference; lastKnownFileType = sourcecode.swift; path = FindVaccineCenterApp.swift; sourceTree = "<group>"; };
		8D9614082C0CAC62003B4BA9 /* RootView.swift */ = {isa = PBXFileReference; lastKnownFileType = sourcecode.swift; path = RootView.swift; sourceTree = "<group>"; };
		8D96140A2C0CAC62003B4BA9 /* Assets.xcassets */ = {isa = PBXFileReference; lastKnownFileType = folder.assetcatalog; path = Assets.xcassets; sourceTree = "<group>"; };
		8D96140D2C0CAC62003B4BA9 /* Preview Assets.xcassets */ = {isa = PBXFileReference; lastKnownFileType = folder.assetcatalog; path = "Preview Assets.xcassets"; sourceTree = "<group>"; };
		8D9614132C0CAC62003B4BA9 /* FindVaccineCenterTests.xctest */ = {isa = PBXFileReference; explicitFileType = wrapper.cfbundle; includeInIndex = 0; path = FindVaccineCenterTests.xctest; sourceTree = BUILT_PRODUCTS_DIR; };
		8D9614172C0CAC62003B4BA9 /* FindVaccineCenterTests.swift */ = {isa = PBXFileReference; lastKnownFileType = sourcecode.swift; path = FindVaccineCenterTests.swift; sourceTree = "<group>"; };
		8D96141D2C0CAC62003B4BA9 /* FindVaccineCenterUITests.xctest */ = {isa = PBXFileReference; explicitFileType = wrapper.cfbundle; includeInIndex = 0; path = FindVaccineCenterUITests.xctest; sourceTree = BUILT_PRODUCTS_DIR; };
		8D9614212C0CAC62003B4BA9 /* FindVaccineCenterUITests.swift */ = {isa = PBXFileReference; lastKnownFileType = sourcecode.swift; path = FindVaccineCenterUITests.swift; sourceTree = "<group>"; };
		8D9614232C0CAC62003B4BA9 /* FindVaccineCenterUITestsLaunchTests.swift */ = {isa = PBXFileReference; lastKnownFileType = sourcecode.swift; path = FindVaccineCenterUITestsLaunchTests.swift; sourceTree = "<group>"; };
		8DFCCA2B2C28485F000937E2 /* String+.swift */ = {isa = PBXFileReference; lastKnownFileType = sourcecode.swift; path = "String+.swift"; sourceTree = "<group>"; };
		8DFEC8932C149BAB0021A098 /* VCError.swift */ = {isa = PBXFileReference; lastKnownFileType = sourcecode.swift; path = VCError.swift; sourceTree = "<group>"; };
		8DFEC8952C14AFCB0021A098 /* CenterFlag.swift */ = {isa = PBXFileReference; lastKnownFileType = sourcecode.swift; path = CenterFlag.swift; sourceTree = "<group>"; };
		9D4A362E40EA495B4CAE9ABE /* Pods-FindVaccineCenter-FindVaccineCenterUITests.release.xcconfig */ = {isa = PBXFileReference; includeInIndex = 1; lastKnownFileType = text.xcconfig; name = "Pods-FindVaccineCenter-FindVaccineCenterUITests.release.xcconfig"; path = "Target Support Files/Pods-FindVaccineCenter-FindVaccineCenterUITests/Pods-FindVaccineCenter-FindVaccineCenterUITests.release.xcconfig"; sourceTree = "<group>"; };
		D84A7E40E4B9BC98F7FEF950 /* Pods-FindVaccineCenter.debug.xcconfig */ = {isa = PBXFileReference; includeInIndex = 1; lastKnownFileType = text.xcconfig; name = "Pods-FindVaccineCenter.debug.xcconfig"; path = "Target Support Files/Pods-FindVaccineCenter/Pods-FindVaccineCenter.debug.xcconfig"; sourceTree = "<group>"; };
/* End PBXFileReference section */

/* Begin PBXFrameworksBuildPhase section */
		8D9614002C0CAC62003B4BA9 /* Frameworks */ = {
			isa = PBXFrameworksBuildPhase;
			buildActionMask = 2147483647;
			files = (
				8DFCCA2A2C283F44000937E2 /* Alamofire in Frameworks */,
				8DFEC8992C1560710021A098 /* ComposableArchitecture in Frameworks */,
				396FC208CCE6C869A743258E /* Pods_FindVaccineCenter.framework in Frameworks */,
			);
			runOnlyForDeploymentPostprocessing = 0;
		};
		8D9614102C0CAC62003B4BA9 /* Frameworks */ = {
			isa = PBXFrameworksBuildPhase;
			buildActionMask = 2147483647;
			files = (
				A600A1F8615F5DFE2ACE7CE0 /* Pods_FindVaccineCenterTests.framework in Frameworks */,
			);
			runOnlyForDeploymentPostprocessing = 0;
		};
		8D96141A2C0CAC62003B4BA9 /* Frameworks */ = {
			isa = PBXFrameworksBuildPhase;
			buildActionMask = 2147483647;
			files = (
				E413D681AC2049581F4BA199 /* Pods_FindVaccineCenter_FindVaccineCenterUITests.framework in Frameworks */,
			);
			runOnlyForDeploymentPostprocessing = 0;
		};
/* End PBXFrameworksBuildPhase section */

/* Begin PBXGroup section */
		65B971D6D87C966FD5D22E53 /* Frameworks */ = {
			isa = PBXGroup;
			children = (
				5587017B5C49EA1AA9F302F1 /* Pods_FindVaccineCenter.framework */,
				82CA54A9F0D5D60693F68DEE /* Pods_FindVaccineCenter_FindVaccineCenterUITests.framework */,
				2648309CF057604BAD0F6FA3 /* Pods_FindVaccineCenterTests.framework */,
			);
			name = Frameworks;
			sourceTree = "<group>";
		};
		8D03CA622C0F4F90004DEA36 /* App */ = {
			isa = PBXGroup;
			children = (
				8D9614062C0CAC62003B4BA9 /* FindVaccineCenterApp.swift */,
			);
			path = App;
			sourceTree = "<group>";
		};
		8D03CA632C0F4F9B004DEA36 /* Resource */ = {
			isa = PBXGroup;
			children = (
				8D96140A2C0CAC62003B4BA9 /* Assets.xcassets */,
			);
			path = Resource;
			sourceTree = "<group>";
		};
		8D03CA642C0F4FB1004DEA36 /* Scene */ = {
			isa = PBXGroup;
			children = (
				8D3FF9432C231726005CC85E /* Entity */,
				8D9614082C0CAC62003B4BA9 /* RootView.swift */,
				8DFEC8952C14AFCB0021A098 /* CenterFlag.swift */,
			);
			path = Scene;
			sourceTree = "<group>";
		};
		8D03CA652C0F4FD4004DEA36 /* DesignSystem */ = {
			isa = PBXGroup;
			children = (
				8D03CA662C0F4FDC004DEA36 /* Map */,
			);
			path = DesignSystem;
			sourceTree = "<group>";
		};
		8D03CA662C0F4FDC004DEA36 /* Map */ = {
			isa = PBXGroup;
			children = (
				8D03CA672C0F5002004DEA36 /* RepresentedNaverMap.swift */,
			);
			path = Map;
			sourceTree = "<group>";
		};
		8D12D54E2C20599300681BD4 /* Extension */ = {
			isa = PBXGroup;
			children = (
				8D12D54F2C2059A800681BD4 /* Dictionary+.swift */,
				8DFCCA2B2C28485F000937E2 /* String+.swift */,
			);
			path = Extension;
			sourceTree = "<group>";
		};
		8D3FF9402C2315B5005CC85E /* Repository */ = {
			isa = PBXGroup;
			children = (
				8D3FF9412C2316D9005CC85E /* VaccinationCenterRepository.swift */,
			);
			path = Repository;
			sourceTree = "<group>";
		};
		8D3FF9432C231726005CC85E /* Entity */ = {
			isa = PBXGroup;
			children = (
				8D3FF9442C231735005CC85E /* VaccinationCenterEntity.swift */,
			);
			path = Entity;
			sourceTree = "<group>";
		};
		8D8F3F2F2C1F1A780059C3C0 /* Network */ = {
			isa = PBXGroup;
			children = (
				8D8F3F312C1F1FA10059C3C0 /* TargetType.swift */,
				8D3FF93E2C230F18005CC85E /* NetworkManager.swift */,
				8D8F3F382C1F28440059C3C0 /* API */,
				8D8F3F302C1F1A7E0059C3C0 /* ResponseDTO */,
				8D3FF9402C2315B5005CC85E /* Repository */,
			);
			path = Network;
			sourceTree = "<group>";
		};
		8D8F3F302C1F1A7E0059C3C0 /* ResponseDTO */ = {
			isa = PBXGroup;
			children = (
				8D8F3F2D2C1F1A730059C3C0 /* VaccinationCenterResponseDTO.swift */,
			);
			path = ResponseDTO;
			sourceTree = "<group>";
		};
		8D8F3F382C1F28440059C3C0 /* API */ = {
			isa = PBXGroup;
			children = (
				8D8F3F3A2C1F29110059C3C0 /* VaccinationAPI.swift */,
			);
			path = API;
			sourceTree = "<group>";
		};
		8D9613FA2C0CAC62003B4BA9 = {
			isa = PBXGroup;
			children = (
				8D9614052C0CAC62003B4BA9 /* FindVaccineCenter */,
				8D9614162C0CAC62003B4BA9 /* FindVaccineCenterTests */,
				8D9614202C0CAC62003B4BA9 /* FindVaccineCenterUITests */,
				8D9614042C0CAC62003B4BA9 /* Products */,
				BE8020359297B30C8E2CECBB /* Pods */,
				65B971D6D87C966FD5D22E53 /* Frameworks */,
			);
			sourceTree = "<group>";
		};
		8D9614042C0CAC62003B4BA9 /* Products */ = {
			isa = PBXGroup;
			children = (
				8D9614032C0CAC62003B4BA9 /* FindVaccineCenter.app */,
				8D9614132C0CAC62003B4BA9 /* FindVaccineCenterTests.xctest */,
				8D96141D2C0CAC62003B4BA9 /* FindVaccineCenterUITests.xctest */,
			);
			name = Products;
			sourceTree = "<group>";
		};
		8D9614052C0CAC62003B4BA9 /* FindVaccineCenter */ = {
			isa = PBXGroup;
			children = (
				8D03CA622C0F4F90004DEA36 /* App */,
				8DFEC8922C149B4C0021A098 /* Core */,
				8D03CA642C0F4FB1004DEA36 /* Scene */,
				8D03CA652C0F4FD4004DEA36 /* DesignSystem */,
				8D03CA632C0F4F9B004DEA36 /* Resource */,
				8D7ACBCB2C0DFD8000B6A0E2 /* Info.plist */,
				8D7ACBCC2C0DFDC300B6A0E2 /* Config.xcconfig */,
				8D96140C2C0CAC62003B4BA9 /* Preview Content */,
			);
			path = FindVaccineCenter;
			sourceTree = "<group>";
		};
		8D96140C2C0CAC62003B4BA9 /* Preview Content */ = {
			isa = PBXGroup;
			children = (
				8D96140D2C0CAC62003B4BA9 /* Preview Assets.xcassets */,
			);
			path = "Preview Content";
			sourceTree = "<group>";
		};
		8D9614162C0CAC62003B4BA9 /* FindVaccineCenterTests */ = {
			isa = PBXGroup;
			children = (
				8D9614172C0CAC62003B4BA9 /* FindVaccineCenterTests.swift */,
			);
			path = FindVaccineCenterTests;
			sourceTree = "<group>";
		};
		8D9614202C0CAC62003B4BA9 /* FindVaccineCenterUITests */ = {
			isa = PBXGroup;
			children = (
				8D9614212C0CAC62003B4BA9 /* FindVaccineCenterUITests.swift */,
				8D9614232C0CAC62003B4BA9 /* FindVaccineCenterUITestsLaunchTests.swift */,
			);
			path = FindVaccineCenterUITests;
			sourceTree = "<group>";
		};
		8DFEC8922C149B4C0021A098 /* Core */ = {
			isa = PBXGroup;
			children = (
				8D12D54E2C20599300681BD4 /* Extension */,
				8D8F3F2F2C1F1A780059C3C0 /* Network */,
				8DFEC8932C149BAB0021A098 /* VCError.swift */,
				8D8F3F3C2C1F2A070059C3C0 /* Constants.swift */,
			);
			path = Core;
			sourceTree = "<group>";
		};
		BE8020359297B30C8E2CECBB /* Pods */ = {
			isa = PBXGroup;
			children = (
				D84A7E40E4B9BC98F7FEF950 /* Pods-FindVaccineCenter.debug.xcconfig */,
				7FD4A9ABA1AAADEC3B066483 /* Pods-FindVaccineCenter.release.xcconfig */,
				3A40C6256B4560A33439C6AB /* Pods-FindVaccineCenter-FindVaccineCenterUITests.debug.xcconfig */,
				9D4A362E40EA495B4CAE9ABE /* Pods-FindVaccineCenter-FindVaccineCenterUITests.release.xcconfig */,
				74077BFC57017BE5231E4A3A /* Pods-FindVaccineCenterTests.debug.xcconfig */,
				01C4CB78A69F956989D91057 /* Pods-FindVaccineCenterTests.release.xcconfig */,
			);
			path = Pods;
			sourceTree = "<group>";
		};
/* End PBXGroup section */

/* Begin PBXNativeTarget section */
		8D9614022C0CAC62003B4BA9 /* FindVaccineCenter */ = {
			isa = PBXNativeTarget;
			buildConfigurationList = 8D9614272C0CAC62003B4BA9 /* Build configuration list for PBXNativeTarget "FindVaccineCenter" */;
			buildPhases = (
				306624E311EC9F6FF1C2140D /* [CP] Check Pods Manifest.lock */,
				8D9613FF2C0CAC62003B4BA9 /* Sources */,
				8D9614002C0CAC62003B4BA9 /* Frameworks */,
				8D9614012C0CAC62003B4BA9 /* Resources */,
				04B21D391A3C93C31C25CDD5 /* [CP] Embed Pods Frameworks */,
			);
			buildRules = (
			);
			dependencies = (
			);
			name = FindVaccineCenter;
			packageProductDependencies = (
				8DFEC8982C1560710021A098 /* ComposableArchitecture */,
				8DFCCA292C283F44000937E2 /* Alamofire */,
			);
			productName = FindVaccineCenter;
			productReference = 8D9614032C0CAC62003B4BA9 /* FindVaccineCenter.app */;
			productType = "com.apple.product-type.application";
		};
		8D9614122C0CAC62003B4BA9 /* FindVaccineCenterTests */ = {
			isa = PBXNativeTarget;
			buildConfigurationList = 8D96142A2C0CAC62003B4BA9 /* Build configuration list for PBXNativeTarget "FindVaccineCenterTests" */;
			buildPhases = (
				8CFFADC3B72858B3305A9CA0 /* [CP] Check Pods Manifest.lock */,
				8D96140F2C0CAC62003B4BA9 /* Sources */,
				8D9614102C0CAC62003B4BA9 /* Frameworks */,
				8D9614112C0CAC62003B4BA9 /* Resources */,
			);
			buildRules = (
			);
			dependencies = (
				8D9614152C0CAC62003B4BA9 /* PBXTargetDependency */,
			);
			name = FindVaccineCenterTests;
			productName = FindVaccineCenterTests;
			productReference = 8D9614132C0CAC62003B4BA9 /* FindVaccineCenterTests.xctest */;
			productType = "com.apple.product-type.bundle.unit-test";
		};
		8D96141C2C0CAC62003B4BA9 /* FindVaccineCenterUITests */ = {
			isa = PBXNativeTarget;
			buildConfigurationList = 8D96142D2C0CAC62003B4BA9 /* Build configuration list for PBXNativeTarget "FindVaccineCenterUITests" */;
			buildPhases = (
				12638FD7D255992171FAD9DB /* [CP] Check Pods Manifest.lock */,
				8D9614192C0CAC62003B4BA9 /* Sources */,
				8D96141A2C0CAC62003B4BA9 /* Frameworks */,
				8D96141B2C0CAC62003B4BA9 /* Resources */,
				1D6480F3A5C21337FCBB0B73 /* [CP] Embed Pods Frameworks */,
			);
			buildRules = (
			);
			dependencies = (
				8D96141F2C0CAC62003B4BA9 /* PBXTargetDependency */,
			);
			name = FindVaccineCenterUITests;
			productName = FindVaccineCenterUITests;
			productReference = 8D96141D2C0CAC62003B4BA9 /* FindVaccineCenterUITests.xctest */;
			productType = "com.apple.product-type.bundle.ui-testing";
		};
/* End PBXNativeTarget section */

/* Begin PBXProject section */
		8D9613FB2C0CAC62003B4BA9 /* Project object */ = {
			isa = PBXProject;
			attributes = {
				BuildIndependentTargetsInParallel = 1;
				LastSwiftUpdateCheck = 1540;
				LastUpgradeCheck = 1540;
				TargetAttributes = {
					8D9614022C0CAC62003B4BA9 = {
						CreatedOnToolsVersion = 15.4;
					};
					8D9614122C0CAC62003B4BA9 = {
						CreatedOnToolsVersion = 15.4;
						TestTargetID = 8D9614022C0CAC62003B4BA9;
					};
					8D96141C2C0CAC62003B4BA9 = {
						CreatedOnToolsVersion = 15.4;
						TestTargetID = 8D9614022C0CAC62003B4BA9;
					};
				};
			};
			buildConfigurationList = 8D9613FE2C0CAC62003B4BA9 /* Build configuration list for PBXProject "FindVaccineCenter" */;
			compatibilityVersion = "Xcode 14.0";
			developmentRegion = en;
			hasScannedForEncodings = 0;
			knownRegions = (
				en,
				Base,
			);
			mainGroup = 8D9613FA2C0CAC62003B4BA9;
			packageReferences = (
				8DFEC8972C1560710021A098 /* XCRemoteSwiftPackageReference "swift-composable-architecture" */,
				8DFCCA282C283F44000937E2 /* XCRemoteSwiftPackageReference "Alamofire" */,
			);
			productRefGroup = 8D9614042C0CAC62003B4BA9 /* Products */;
			projectDirPath = "";
			projectRoot = "";
			targets = (
				8D9614022C0CAC62003B4BA9 /* FindVaccineCenter */,
				8D9614122C0CAC62003B4BA9 /* FindVaccineCenterTests */,
				8D96141C2C0CAC62003B4BA9 /* FindVaccineCenterUITests */,
			);
		};
/* End PBXProject section */

/* Begin PBXResourcesBuildPhase section */
		8D9614012C0CAC62003B4BA9 /* Resources */ = {
			isa = PBXResourcesBuildPhase;
			buildActionMask = 2147483647;
			files = (
				8D96140E2C0CAC62003B4BA9 /* Preview Assets.xcassets in Resources */,
				8D96140B2C0CAC62003B4BA9 /* Assets.xcassets in Resources */,
			);
			runOnlyForDeploymentPostprocessing = 0;
		};
		8D9614112C0CAC62003B4BA9 /* Resources */ = {
			isa = PBXResourcesBuildPhase;
			buildActionMask = 2147483647;
			files = (
			);
			runOnlyForDeploymentPostprocessing = 0;
		};
		8D96141B2C0CAC62003B4BA9 /* Resources */ = {
			isa = PBXResourcesBuildPhase;
			buildActionMask = 2147483647;
			files = (
			);
			runOnlyForDeploymentPostprocessing = 0;
		};
/* End PBXResourcesBuildPhase section */

/* Begin PBXShellScriptBuildPhase section */
		04B21D391A3C93C31C25CDD5 /* [CP] Embed Pods Frameworks */ = {
			isa = PBXShellScriptBuildPhase;
			buildActionMask = 2147483647;
			files = (
			);
			inputFileListPaths = (
				"${PODS_ROOT}/Target Support Files/Pods-FindVaccineCenter/Pods-FindVaccineCenter-frameworks-${CONFIGURATION}-input-files.xcfilelist",
			);
			name = "[CP] Embed Pods Frameworks";
			outputFileListPaths = (
				"${PODS_ROOT}/Target Support Files/Pods-FindVaccineCenter/Pods-FindVaccineCenter-frameworks-${CONFIGURATION}-output-files.xcfilelist",
			);
			runOnlyForDeploymentPostprocessing = 0;
			shellPath = /bin/sh;
			shellScript = "\"${PODS_ROOT}/Target Support Files/Pods-FindVaccineCenter/Pods-FindVaccineCenter-frameworks.sh\"\n";
			showEnvVarsInLog = 0;
		};
		12638FD7D255992171FAD9DB /* [CP] Check Pods Manifest.lock */ = {
			isa = PBXShellScriptBuildPhase;
			buildActionMask = 2147483647;
			files = (
			);
			inputFileListPaths = (
			);
			inputPaths = (
				"${PODS_PODFILE_DIR_PATH}/Podfile.lock",
				"${PODS_ROOT}/Manifest.lock",
			);
			name = "[CP] Check Pods Manifest.lock";
			outputFileListPaths = (
			);
			outputPaths = (
				"$(DERIVED_FILE_DIR)/Pods-FindVaccineCenter-FindVaccineCenterUITests-checkManifestLockResult.txt",
			);
			runOnlyForDeploymentPostprocessing = 0;
			shellPath = /bin/sh;
			shellScript = "diff \"${PODS_PODFILE_DIR_PATH}/Podfile.lock\" \"${PODS_ROOT}/Manifest.lock\" > /dev/null\nif [ $? != 0 ] ; then\n    # print error to STDERR\n    echo \"error: The sandbox is not in sync with the Podfile.lock. Run 'pod install' or update your CocoaPods installation.\" >&2\n    exit 1\nfi\n# This output is used by Xcode 'outputs' to avoid re-running this script phase.\necho \"SUCCESS\" > \"${SCRIPT_OUTPUT_FILE_0}\"\n";
			showEnvVarsInLog = 0;
		};
		1D6480F3A5C21337FCBB0B73 /* [CP] Embed Pods Frameworks */ = {
			isa = PBXShellScriptBuildPhase;
			buildActionMask = 2147483647;
			files = (
			);
			inputFileListPaths = (
				"${PODS_ROOT}/Target Support Files/Pods-FindVaccineCenter-FindVaccineCenterUITests/Pods-FindVaccineCenter-FindVaccineCenterUITests-frameworks-${CONFIGURATION}-input-files.xcfilelist",
			);
			name = "[CP] Embed Pods Frameworks";
			outputFileListPaths = (
				"${PODS_ROOT}/Target Support Files/Pods-FindVaccineCenter-FindVaccineCenterUITests/Pods-FindVaccineCenter-FindVaccineCenterUITests-frameworks-${CONFIGURATION}-output-files.xcfilelist",
			);
			runOnlyForDeploymentPostprocessing = 0;
			shellPath = /bin/sh;
			shellScript = "\"${PODS_ROOT}/Target Support Files/Pods-FindVaccineCenter-FindVaccineCenterUITests/Pods-FindVaccineCenter-FindVaccineCenterUITests-frameworks.sh\"\n";
			showEnvVarsInLog = 0;
		};
		306624E311EC9F6FF1C2140D /* [CP] Check Pods Manifest.lock */ = {
			isa = PBXShellScriptBuildPhase;
			buildActionMask = 2147483647;
			files = (
			);
			inputFileListPaths = (
			);
			inputPaths = (
				"${PODS_PODFILE_DIR_PATH}/Podfile.lock",
				"${PODS_ROOT}/Manifest.lock",
			);
			name = "[CP] Check Pods Manifest.lock";
			outputFileListPaths = (
			);
			outputPaths = (
				"$(DERIVED_FILE_DIR)/Pods-FindVaccineCenter-checkManifestLockResult.txt",
			);
			runOnlyForDeploymentPostprocessing = 0;
			shellPath = /bin/sh;
			shellScript = "diff \"${PODS_PODFILE_DIR_PATH}/Podfile.lock\" \"${PODS_ROOT}/Manifest.lock\" > /dev/null\nif [ $? != 0 ] ; then\n    # print error to STDERR\n    echo \"error: The sandbox is not in sync with the Podfile.lock. Run 'pod install' or update your CocoaPods installation.\" >&2\n    exit 1\nfi\n# This output is used by Xcode 'outputs' to avoid re-running this script phase.\necho \"SUCCESS\" > \"${SCRIPT_OUTPUT_FILE_0}\"\n";
			showEnvVarsInLog = 0;
		};
		8CFFADC3B72858B3305A9CA0 /* [CP] Check Pods Manifest.lock */ = {
			isa = PBXShellScriptBuildPhase;
			buildActionMask = 2147483647;
			files = (
			);
			inputFileListPaths = (
			);
			inputPaths = (
				"${PODS_PODFILE_DIR_PATH}/Podfile.lock",
				"${PODS_ROOT}/Manifest.lock",
			);
			name = "[CP] Check Pods Manifest.lock";
			outputFileListPaths = (
			);
			outputPaths = (
				"$(DERIVED_FILE_DIR)/Pods-FindVaccineCenterTests-checkManifestLockResult.txt",
			);
			runOnlyForDeploymentPostprocessing = 0;
			shellPath = /bin/sh;
			shellScript = "diff \"${PODS_PODFILE_DIR_PATH}/Podfile.lock\" \"${PODS_ROOT}/Manifest.lock\" > /dev/null\nif [ $? != 0 ] ; then\n    # print error to STDERR\n    echo \"error: The sandbox is not in sync with the Podfile.lock. Run 'pod install' or update your CocoaPods installation.\" >&2\n    exit 1\nfi\n# This output is used by Xcode 'outputs' to avoid re-running this script phase.\necho \"SUCCESS\" > \"${SCRIPT_OUTPUT_FILE_0}\"\n";
			showEnvVarsInLog = 0;
		};
/* End PBXShellScriptBuildPhase section */

/* Begin PBXSourcesBuildPhase section */
		8D9613FF2C0CAC62003B4BA9 /* Sources */ = {
			isa = PBXSourcesBuildPhase;
			buildActionMask = 2147483647;
			files = (
				8D8F3F3B2C1F29110059C3C0 /* VaccinationAPI.swift in Sources */,
				8D12D5502C2059A800681BD4 /* Dictionary+.swift in Sources */,
				8DFEC8942C149BAB0021A098 /* VCError.swift in Sources */,
				8D8F3F2E2C1F1A730059C3C0 /* VaccinationCenterResponseDTO.swift in Sources */,
				8D3FF93F2C230F18005CC85E /* NetworkManager.swift in Sources */,
				8D03CA682C0F5002004DEA36 /* RepresentedNaverMap.swift in Sources */,
				8D9614092C0CAC62003B4BA9 /* RootView.swift in Sources */,
				8DFEC8962C14AFCB0021A098 /* CenterFlag.swift in Sources */,
				8D3FF9422C2316D9005CC85E /* VaccinationCenterRepository.swift in Sources */,
				8D9614072C0CAC62003B4BA9 /* FindVaccineCenterApp.swift in Sources */,
				8D3FF9452C231735005CC85E /* VaccinationCenterEntity.swift in Sources */,
				8D8F3F322C1F1FA10059C3C0 /* TargetType.swift in Sources */,
				8DFCCA2C2C28485F000937E2 /* String+.swift in Sources */,
				8D8F3F3D2C1F2A070059C3C0 /* Constants.swift in Sources */,
			);
			runOnlyForDeploymentPostprocessing = 0;
		};
		8D96140F2C0CAC62003B4BA9 /* Sources */ = {
			isa = PBXSourcesBuildPhase;
			buildActionMask = 2147483647;
			files = (
				8D9614182C0CAC62003B4BA9 /* FindVaccineCenterTests.swift in Sources */,
			);
			runOnlyForDeploymentPostprocessing = 0;
		};
		8D9614192C0CAC62003B4BA9 /* Sources */ = {
			isa = PBXSourcesBuildPhase;
			buildActionMask = 2147483647;
			files = (
				8D9614242C0CAC62003B4BA9 /* FindVaccineCenterUITestsLaunchTests.swift in Sources */,
				8D9614222C0CAC62003B4BA9 /* FindVaccineCenterUITests.swift in Sources */,
			);
			runOnlyForDeploymentPostprocessing = 0;
		};
/* End PBXSourcesBuildPhase section */

/* Begin PBXTargetDependency section */
		8D9614152C0CAC62003B4BA9 /* PBXTargetDependency */ = {
			isa = PBXTargetDependency;
			target = 8D9614022C0CAC62003B4BA9 /* FindVaccineCenter */;
			targetProxy = 8D9614142C0CAC62003B4BA9 /* PBXContainerItemProxy */;
		};
		8D96141F2C0CAC62003B4BA9 /* PBXTargetDependency */ = {
			isa = PBXTargetDependency;
			target = 8D9614022C0CAC62003B4BA9 /* FindVaccineCenter */;
			targetProxy = 8D96141E2C0CAC62003B4BA9 /* PBXContainerItemProxy */;
		};
/* End PBXTargetDependency section */

/* Begin XCBuildConfiguration section */
		8D9614252C0CAC62003B4BA9 /* Debug */ = {
			isa = XCBuildConfiguration;
			baseConfigurationReference = 8D7ACBCC2C0DFDC300B6A0E2 /* Config.xcconfig */;
			buildSettings = {
				ALWAYS_SEARCH_USER_PATHS = NO;
				ASSETCATALOG_COMPILER_GENERATE_SWIFT_ASSET_SYMBOL_EXTENSIONS = YES;
				CLANG_ANALYZER_NONNULL = YES;
				CLANG_ANALYZER_NUMBER_OBJECT_CONVERSION = YES_AGGRESSIVE;
				CLANG_CXX_LANGUAGE_STANDARD = "gnu++20";
				CLANG_ENABLE_MODULES = YES;
				CLANG_ENABLE_OBJC_ARC = YES;
				CLANG_ENABLE_OBJC_WEAK = YES;
				CLANG_WARN_BLOCK_CAPTURE_AUTORELEASING = YES;
				CLANG_WARN_BOOL_CONVERSION = YES;
				CLANG_WARN_COMMA = YES;
				CLANG_WARN_CONSTANT_CONVERSION = YES;
				CLANG_WARN_DEPRECATED_OBJC_IMPLEMENTATIONS = YES;
				CLANG_WARN_DIRECT_OBJC_ISA_USAGE = YES_ERROR;
				CLANG_WARN_DOCUMENTATION_COMMENTS = YES;
				CLANG_WARN_EMPTY_BODY = YES;
				CLANG_WARN_ENUM_CONVERSION = YES;
				CLANG_WARN_INFINITE_RECURSION = YES;
				CLANG_WARN_INT_CONVERSION = YES;
				CLANG_WARN_NON_LITERAL_NULL_CONVERSION = YES;
				CLANG_WARN_OBJC_IMPLICIT_RETAIN_SELF = YES;
				CLANG_WARN_OBJC_LITERAL_CONVERSION = YES;
				CLANG_WARN_OBJC_ROOT_CLASS = YES_ERROR;
				CLANG_WARN_QUOTED_INCLUDE_IN_FRAMEWORK_HEADER = YES;
				CLANG_WARN_RANGE_LOOP_ANALYSIS = YES;
				CLANG_WARN_STRICT_PROTOTYPES = YES;
				CLANG_WARN_SUSPICIOUS_MOVE = YES;
				CLANG_WARN_UNGUARDED_AVAILABILITY = YES_AGGRESSIVE;
				CLANG_WARN_UNREACHABLE_CODE = YES;
				CLANG_WARN__DUPLICATE_METHOD_MATCH = YES;
				COPY_PHASE_STRIP = NO;
				DEBUG_INFORMATION_FORMAT = dwarf;
				ENABLE_STRICT_OBJC_MSGSEND = YES;
				ENABLE_TESTABILITY = YES;
				ENABLE_USER_SCRIPT_SANDBOXING = YES;
				GCC_C_LANGUAGE_STANDARD = gnu17;
				GCC_DYNAMIC_NO_PIC = NO;
				GCC_NO_COMMON_BLOCKS = YES;
				GCC_OPTIMIZATION_LEVEL = 0;
				GCC_PREPROCESSOR_DEFINITIONS = (
					"DEBUG=1",
					"$(inherited)",
				);
				GCC_WARN_64_TO_32_BIT_CONVERSION = YES;
				GCC_WARN_ABOUT_RETURN_TYPE = YES_ERROR;
				GCC_WARN_UNDECLARED_SELECTOR = YES;
				GCC_WARN_UNINITIALIZED_AUTOS = YES_AGGRESSIVE;
				GCC_WARN_UNUSED_FUNCTION = YES;
				GCC_WARN_UNUSED_VARIABLE = YES;
				IPHONEOS_DEPLOYMENT_TARGET = 15.0;
				LOCALIZATION_PREFERS_STRING_CATALOGS = YES;
				MTL_ENABLE_DEBUG_INFO = INCLUDE_SOURCE;
				MTL_FAST_MATH = YES;
				ONLY_ACTIVE_ARCH = YES;
				SDKROOT = iphoneos;
				SWIFT_ACTIVE_COMPILATION_CONDITIONS = "DEBUG $(inherited)";
				SWIFT_OPTIMIZATION_LEVEL = "-Onone";
			};
			name = Debug;
		};
		8D9614262C0CAC62003B4BA9 /* Release */ = {
			isa = XCBuildConfiguration;
			baseConfigurationReference = 8D7ACBCC2C0DFDC300B6A0E2 /* Config.xcconfig */;
			buildSettings = {
				ALWAYS_SEARCH_USER_PATHS = NO;
				ASSETCATALOG_COMPILER_GENERATE_SWIFT_ASSET_SYMBOL_EXTENSIONS = YES;
				CLANG_ANALYZER_NONNULL = YES;
				CLANG_ANALYZER_NUMBER_OBJECT_CONVERSION = YES_AGGRESSIVE;
				CLANG_CXX_LANGUAGE_STANDARD = "gnu++20";
				CLANG_ENABLE_MODULES = YES;
				CLANG_ENABLE_OBJC_ARC = YES;
				CLANG_ENABLE_OBJC_WEAK = YES;
				CLANG_WARN_BLOCK_CAPTURE_AUTORELEASING = YES;
				CLANG_WARN_BOOL_CONVERSION = YES;
				CLANG_WARN_COMMA = YES;
				CLANG_WARN_CONSTANT_CONVERSION = YES;
				CLANG_WARN_DEPRECATED_OBJC_IMPLEMENTATIONS = YES;
				CLANG_WARN_DIRECT_OBJC_ISA_USAGE = YES_ERROR;
				CLANG_WARN_DOCUMENTATION_COMMENTS = YES;
				CLANG_WARN_EMPTY_BODY = YES;
				CLANG_WARN_ENUM_CONVERSION = YES;
				CLANG_WARN_INFINITE_RECURSION = YES;
				CLANG_WARN_INT_CONVERSION = YES;
				CLANG_WARN_NON_LITERAL_NULL_CONVERSION = YES;
				CLANG_WARN_OBJC_IMPLICIT_RETAIN_SELF = YES;
				CLANG_WARN_OBJC_LITERAL_CONVERSION = YES;
				CLANG_WARN_OBJC_ROOT_CLASS = YES_ERROR;
				CLANG_WARN_QUOTED_INCLUDE_IN_FRAMEWORK_HEADER = YES;
				CLANG_WARN_RANGE_LOOP_ANALYSIS = YES;
				CLANG_WARN_STRICT_PROTOTYPES = YES;
				CLANG_WARN_SUSPICIOUS_MOVE = YES;
				CLANG_WARN_UNGUARDED_AVAILABILITY = YES_AGGRESSIVE;
				CLANG_WARN_UNREACHABLE_CODE = YES;
				CLANG_WARN__DUPLICATE_METHOD_MATCH = YES;
				COPY_PHASE_STRIP = NO;
				DEBUG_INFORMATION_FORMAT = "dwarf-with-dsym";
				ENABLE_NS_ASSERTIONS = NO;
				ENABLE_STRICT_OBJC_MSGSEND = YES;
				ENABLE_USER_SCRIPT_SANDBOXING = YES;
				GCC_C_LANGUAGE_STANDARD = gnu17;
				GCC_NO_COMMON_BLOCKS = YES;
				GCC_WARN_64_TO_32_BIT_CONVERSION = YES;
				GCC_WARN_ABOUT_RETURN_TYPE = YES_ERROR;
				GCC_WARN_UNDECLARED_SELECTOR = YES;
				GCC_WARN_UNINITIALIZED_AUTOS = YES_AGGRESSIVE;
				GCC_WARN_UNUSED_FUNCTION = YES;
				GCC_WARN_UNUSED_VARIABLE = YES;
				IPHONEOS_DEPLOYMENT_TARGET = 15.0;
				LOCALIZATION_PREFERS_STRING_CATALOGS = YES;
				MTL_ENABLE_DEBUG_INFO = NO;
				MTL_FAST_MATH = YES;
				SDKROOT = iphoneos;
				SWIFT_COMPILATION_MODE = wholemodule;
				VALIDATE_PRODUCT = YES;
			};
			name = Release;
		};
		8D9614282C0CAC62003B4BA9 /* Debug */ = {
			isa = XCBuildConfiguration;
			baseConfigurationReference = D84A7E40E4B9BC98F7FEF950 /* Pods-FindVaccineCenter.debug.xcconfig */;
			buildSettings = {
				ASSETCATALOG_COMPILER_APPICON_NAME = AppIcon;
				ASSETCATALOG_COMPILER_GLOBAL_ACCENT_COLOR_NAME = AccentColor;
				CODE_SIGN_STYLE = Automatic;
				CURRENT_PROJECT_VERSION = 1;
				DEVELOPMENT_ASSET_PATHS = "\"FindVaccineCenter/Preview Content\"";
				DEVELOPMENT_TEAM = GMHUACJXLZ;
				ENABLE_PREVIEWS = YES;
				ENABLE_USER_SCRIPT_SANDBOXING = NO;
				GENERATE_INFOPLIST_FILE = YES;
				INFOPLIST_FILE = FindVaccineCenter/Info.plist;
				INFOPLIST_KEY_NSLocationAlwaysAndWhenInUseUsageDescription = "앱이 백그라운드에서 사용자 위치를 얻어 현재 위치를 표시하기 위해서 권한을 요청합니다.";
				INFOPLIST_KEY_NSLocationWhenInUseUsageDescription = "앱이 실행중일 때 사용자 위치를 얻어 현재 위치를 표시하기 위해서 권한을 요청합니다.";
				INFOPLIST_KEY_UIApplicationSceneManifest_Generation = YES;
				INFOPLIST_KEY_UIApplicationSupportsIndirectInputEvents = YES;
				INFOPLIST_KEY_UILaunchScreen_Generation = YES;
				INFOPLIST_KEY_UISupportedInterfaceOrientations_iPad = "UIInterfaceOrientationPortrait UIInterfaceOrientationPortraitUpsideDown UIInterfaceOrientationLandscapeLeft UIInterfaceOrientationLandscapeRight";
				INFOPLIST_KEY_UISupportedInterfaceOrientations_iPhone = "UIInterfaceOrientationPortrait UIInterfaceOrientationLandscapeLeft UIInterfaceOrientationLandscapeRight";
				IPHONEOS_DEPLOYMENT_TARGET = 15.0;
				LD_RUNPATH_SEARCH_PATHS = (
					"$(inherited)",
					"@executable_path/Frameworks",
				);
				MARKETING_VERSION = 1.0;
				PRODUCT_BUNDLE_IDENTIFIER = com.lonalia.FindVaccineCenter;
				PRODUCT_NAME = "$(TARGET_NAME)";
				SWIFT_EMIT_LOC_STRINGS = YES;
				SWIFT_VERSION = 5.0;
				TARGETED_DEVICE_FAMILY = "1,2";
			};
			name = Debug;
		};
		8D9614292C0CAC62003B4BA9 /* Release */ = {
			isa = XCBuildConfiguration;
			baseConfigurationReference = 7FD4A9ABA1AAADEC3B066483 /* Pods-FindVaccineCenter.release.xcconfig */;
			buildSettings = {
				ASSETCATALOG_COMPILER_APPICON_NAME = AppIcon;
				ASSETCATALOG_COMPILER_GLOBAL_ACCENT_COLOR_NAME = AccentColor;
				CODE_SIGN_STYLE = Automatic;
				CURRENT_PROJECT_VERSION = 1;
				DEVELOPMENT_ASSET_PATHS = "\"FindVaccineCenter/Preview Content\"";
				DEVELOPMENT_TEAM = GMHUACJXLZ;
				ENABLE_PREVIEWS = YES;
				ENABLE_USER_SCRIPT_SANDBOXING = NO;
				GENERATE_INFOPLIST_FILE = YES;
				INFOPLIST_FILE = FindVaccineCenter/Info.plist;
				INFOPLIST_KEY_NSLocationAlwaysAndWhenInUseUsageDescription = "앱이 백그라운드에서 사용자 위치를 얻어 현재 위치를 표시하기 위해서 권한을 요청합니다.";
				INFOPLIST_KEY_NSLocationWhenInUseUsageDescription = "앱이 실행중일 때 사용자 위치를 얻어 현재 위치를 표시하기 위해서 권한을 요청합니다.";
				INFOPLIST_KEY_UIApplicationSceneManifest_Generation = YES;
				INFOPLIST_KEY_UIApplicationSupportsIndirectInputEvents = YES;
				INFOPLIST_KEY_UILaunchScreen_Generation = YES;
				INFOPLIST_KEY_UISupportedInterfaceOrientations_iPad = "UIInterfaceOrientationPortrait UIInterfaceOrientationPortraitUpsideDown UIInterfaceOrientationLandscapeLeft UIInterfaceOrientationLandscapeRight";
				INFOPLIST_KEY_UISupportedInterfaceOrientations_iPhone = "UIInterfaceOrientationPortrait UIInterfaceOrientationLandscapeLeft UIInterfaceOrientationLandscapeRight";
				IPHONEOS_DEPLOYMENT_TARGET = 15.0;
				LD_RUNPATH_SEARCH_PATHS = (
					"$(inherited)",
					"@executable_path/Frameworks",
				);
				MARKETING_VERSION = 1.0;
				PRODUCT_BUNDLE_IDENTIFIER = com.lonalia.FindVaccineCenter;
				PRODUCT_NAME = "$(TARGET_NAME)";
				SWIFT_EMIT_LOC_STRINGS = YES;
				SWIFT_VERSION = 5.0;
				TARGETED_DEVICE_FAMILY = "1,2";
			};
			name = Release;
		};
		8D96142B2C0CAC62003B4BA9 /* Debug */ = {
			isa = XCBuildConfiguration;
			baseConfigurationReference = 74077BFC57017BE5231E4A3A /* Pods-FindVaccineCenterTests.debug.xcconfig */;
			buildSettings = {
				ALWAYS_EMBED_SWIFT_STANDARD_LIBRARIES = YES;
				BUNDLE_LOADER = "$(TEST_HOST)";
				CODE_SIGN_STYLE = Automatic;
				CURRENT_PROJECT_VERSION = 1;
				DEVELOPMENT_TEAM = GMHUACJXLZ;
				GENERATE_INFOPLIST_FILE = YES;
				IPHONEOS_DEPLOYMENT_TARGET = 15.0;
				MARKETING_VERSION = 1.0;
				PRODUCT_BUNDLE_IDENTIFIER = com.lonalia.FindVaccineCenterTests;
				PRODUCT_NAME = "$(TARGET_NAME)";
				SWIFT_EMIT_LOC_STRINGS = NO;
				SWIFT_VERSION = 5.0;
				TARGETED_DEVICE_FAMILY = "1,2";
				TEST_HOST = "$(BUILT_PRODUCTS_DIR)/FindVaccineCenter.app/$(BUNDLE_EXECUTABLE_FOLDER_PATH)/FindVaccineCenter";
			};
			name = Debug;
		};
		8D96142C2C0CAC62003B4BA9 /* Release */ = {
			isa = XCBuildConfiguration;
			baseConfigurationReference = 01C4CB78A69F956989D91057 /* Pods-FindVaccineCenterTests.release.xcconfig */;
			buildSettings = {
				ALWAYS_EMBED_SWIFT_STANDARD_LIBRARIES = YES;
				BUNDLE_LOADER = "$(TEST_HOST)";
				CODE_SIGN_STYLE = Automatic;
				CURRENT_PROJECT_VERSION = 1;
				DEVELOPMENT_TEAM = GMHUACJXLZ;
				GENERATE_INFOPLIST_FILE = YES;
				IPHONEOS_DEPLOYMENT_TARGET = 15.0;
				MARKETING_VERSION = 1.0;
				PRODUCT_BUNDLE_IDENTIFIER = com.lonalia.FindVaccineCenterTests;
				PRODUCT_NAME = "$(TARGET_NAME)";
				SWIFT_EMIT_LOC_STRINGS = NO;
				SWIFT_VERSION = 5.0;
				TARGETED_DEVICE_FAMILY = "1,2";
				TEST_HOST = "$(BUILT_PRODUCTS_DIR)/FindVaccineCenter.app/$(BUNDLE_EXECUTABLE_FOLDER_PATH)/FindVaccineCenter";
			};
			name = Release;
		};
		8D96142E2C0CAC62003B4BA9 /* Debug */ = {
			isa = XCBuildConfiguration;
			baseConfigurationReference = 3A40C6256B4560A33439C6AB /* Pods-FindVaccineCenter-FindVaccineCenterUITests.debug.xcconfig */;
			buildSettings = {
				ALWAYS_EMBED_SWIFT_STANDARD_LIBRARIES = YES;
				CODE_SIGN_STYLE = Automatic;
				CURRENT_PROJECT_VERSION = 1;
				DEVELOPMENT_TEAM = GMHUACJXLZ;
				ENABLE_USER_SCRIPT_SANDBOXING = NO;
				GENERATE_INFOPLIST_FILE = YES;
				MARKETING_VERSION = 1.0;
				PRODUCT_BUNDLE_IDENTIFIER = com.lonalia.FindVaccineCenterUITests;
				PRODUCT_NAME = "$(TARGET_NAME)";
				SWIFT_EMIT_LOC_STRINGS = NO;
				SWIFT_VERSION = 5.0;
				TARGETED_DEVICE_FAMILY = "1,2";
				TEST_TARGET_NAME = FindVaccineCenter;
			};
			name = Debug;
		};
		8D96142F2C0CAC62003B4BA9 /* Release */ = {
			isa = XCBuildConfiguration;
			baseConfigurationReference = 9D4A362E40EA495B4CAE9ABE /* Pods-FindVaccineCenter-FindVaccineCenterUITests.release.xcconfig */;
			buildSettings = {
				ALWAYS_EMBED_SWIFT_STANDARD_LIBRARIES = YES;
				CODE_SIGN_STYLE = Automatic;
				CURRENT_PROJECT_VERSION = 1;
				DEVELOPMENT_TEAM = GMHUACJXLZ;
				ENABLE_USER_SCRIPT_SANDBOXING = NO;
				GENERATE_INFOPLIST_FILE = YES;
				MARKETING_VERSION = 1.0;
				PRODUCT_BUNDLE_IDENTIFIER = com.lonalia.FindVaccineCenterUITests;
				PRODUCT_NAME = "$(TARGET_NAME)";
				SWIFT_EMIT_LOC_STRINGS = NO;
				SWIFT_VERSION = 5.0;
				TARGETED_DEVICE_FAMILY = "1,2";
				TEST_TARGET_NAME = FindVaccineCenter;
			};
			name = Release;
		};
/* End XCBuildConfiguration section */

/* Begin XCConfigurationList section */
		8D9613FE2C0CAC62003B4BA9 /* Build configuration list for PBXProject "FindVaccineCenter" */ = {
			isa = XCConfigurationList;
			buildConfigurations = (
				8D9614252C0CAC62003B4BA9 /* Debug */,
				8D9614262C0CAC62003B4BA9 /* Release */,
			);
			defaultConfigurationIsVisible = 0;
			defaultConfigurationName = Release;
		};
		8D9614272C0CAC62003B4BA9 /* Build configuration list for PBXNativeTarget "FindVaccineCenter" */ = {
			isa = XCConfigurationList;
			buildConfigurations = (
				8D9614282C0CAC62003B4BA9 /* Debug */,
				8D9614292C0CAC62003B4BA9 /* Release */,
			);
			defaultConfigurationIsVisible = 0;
			defaultConfigurationName = Release;
		};
		8D96142A2C0CAC62003B4BA9 /* Build configuration list for PBXNativeTarget "FindVaccineCenterTests" */ = {
			isa = XCConfigurationList;
			buildConfigurations = (
				8D96142B2C0CAC62003B4BA9 /* Debug */,
				8D96142C2C0CAC62003B4BA9 /* Release */,
			);
			defaultConfigurationIsVisible = 0;
			defaultConfigurationName = Release;
		};
		8D96142D2C0CAC62003B4BA9 /* Build configuration list for PBXNativeTarget "FindVaccineCenterUITests" */ = {
			isa = XCConfigurationList;
			buildConfigurations = (
				8D96142E2C0CAC62003B4BA9 /* Debug */,
				8D96142F2C0CAC62003B4BA9 /* Release */,
			);
			defaultConfigurationIsVisible = 0;
			defaultConfigurationName = Release;
		};
/* End XCConfigurationList section */

/* Begin XCRemoteSwiftPackageReference section */
		8DFCCA282C283F44000937E2 /* XCRemoteSwiftPackageReference "Alamofire" */ = {
			isa = XCRemoteSwiftPackageReference;
			repositoryURL = "https://github.com/Alamofire/Alamofire/";
			requirement = {
				kind = upToNextMajorVersion;
				minimumVersion = 5.9.1;
			};
		};
		8DFEC8972C1560710021A098 /* XCRemoteSwiftPackageReference "swift-composable-architecture" */ = {
			isa = XCRemoteSwiftPackageReference;
			repositoryURL = "https://github.com/pointfreeco/swift-composable-architecture";
			requirement = {
				kind = upToNextMajorVersion;
				minimumVersion = 1.11.0;
			};
		};
/* End XCRemoteSwiftPackageReference section */

/* Begin XCSwiftPackageProductDependency section */
		8DFCCA292C283F44000937E2 /* Alamofire */ = {
			isa = XCSwiftPackageProductDependency;
			package = 8DFCCA282C283F44000937E2 /* XCRemoteSwiftPackageReference "Alamofire" */;
			productName = Alamofire;
		};
		8DFEC8982C1560710021A098 /* ComposableArchitecture */ = {
			isa = XCSwiftPackageProductDependency;
			package = 8DFEC8972C1560710021A098 /* XCRemoteSwiftPackageReference "swift-composable-architecture" */;
			productName = ComposableArchitecture;
		};
/* End XCSwiftPackageProductDependency section */
	};
	rootObject = 8D9613FB2C0CAC62003B4BA9 /* Project object */;
}
